// !$*UTF8*$!
{
	archiveVersion = 1;
	classes = {
	};
	objectVersion = 55;
	objects = {

/* Begin PBXBuildFile section */
		1E0966D22882B48A0090E944 /* AppDelegate.swift in Sources */ = {isa = PBXBuildFile; fileRef = 1E0966D12882B48A0090E944 /* AppDelegate.swift */; };
		1E0966D42882B48A0090E944 /* SceneDelegate.swift in Sources */ = {isa = PBXBuildFile; fileRef = 1E0966D32882B48A0090E944 /* SceneDelegate.swift */; };
		1E0966D92882B48A0090E944 /* Main.storyboard in Resources */ = {isa = PBXBuildFile; fileRef = 1E0966D72882B48A0090E944 /* Main.storyboard */; };
		1E0966DB2882B48B0090E944 /* Assets.xcassets in Resources */ = {isa = PBXBuildFile; fileRef = 1E0966DA2882B48B0090E944 /* Assets.xcassets */; };
		1E0966DE2882B48B0090E944 /* LaunchScreen.storyboard in Resources */ = {isa = PBXBuildFile; fileRef = 1E0966DC2882B48B0090E944 /* LaunchScreen.storyboard */; };
		1E0966EB2884614C0090E944 /* SchoolMembersViewController.swift in Sources */ = {isa = PBXBuildFile; fileRef = 1E0966EA2884614C0090E944 /* SchoolMembersViewController.swift */; };
		1EA6B53A2889EF28005CFC24 /* SchoolMemberViewCell.xib in Resources */ = {isa = PBXBuildFile; fileRef = 1EA6B5382889EF28005CFC24 /* SchoolMemberViewCell.xib */; };
		1EA6B53B2889EF28005CFC24 /* SchoolMemberViewCell.swift in Sources */ = {isa = PBXBuildFile; fileRef = 1EA6B5392889EF28005CFC24 /* SchoolMemberViewCell.swift */; };
		1EA6B53D2889FDC6005CFC24 /* Environment.swift in Sources */ = {isa = PBXBuildFile; fileRef = 1EA6B53C2889FDC6005CFC24 /* Environment.swift */; };
		1EA6B53F288A0617005CFC24 /* APIService.swift in Sources */ = {isa = PBXBuildFile; fileRef = 1EA6B53E288A0617005CFC24 /* APIService.swift */; };
		1EA6B541288A0FF1005CFC24 /* Networking.swift in Sources */ = {isa = PBXBuildFile; fileRef = 1EA6B540288A0FF1005CFC24 /* Networking.swift */; };
		1EA6B543288A1E7E005CFC24 /* APIModels.swift in Sources */ = {isa = PBXBuildFile; fileRef = 1EA6B542288A1E7E005CFC24 /* APIModels.swift */; };
		1EA6B560288B4EB7005CFC24 /* SchoolMemberDetailsViewController.swift in Sources */ = {isa = PBXBuildFile; fileRef = 1EA6B55F288B4EB7005CFC24 /* SchoolMemberDetailsViewController.swift */; };
		1EA6B562288B4EE7005CFC24 /* SchoolMemberDetailsViewModel.swift in Sources */ = {isa = PBXBuildFile; fileRef = 1EA6B561288B4EE7005CFC24 /* SchoolMemberDetailsViewModel.swift */; };
		1ECA1184288C180000397EFB /* MainTabBarController.swift in Sources */ = {isa = PBXBuildFile; fileRef = 1ECA1183288C180000397EFB /* MainTabBarController.swift */; };
		1ECA1187288C29D900397EFB /* SchoolMembersViewModel.swift in Sources */ = {isa = PBXBuildFile; fileRef = 1ECA1186288C29D900397EFB /* SchoolMembersViewModel.swift */; };
		1ECA1189288C94A800397EFB /* ImageLoader.swift in Sources */ = {isa = PBXBuildFile; fileRef = 1ECA1188288C94A800397EFB /* ImageLoader.swift */; };
		1ECA118B288E1C5600397EFB /* TeacherDetailsViewModel.swift in Sources */ = {isa = PBXBuildFile; fileRef = 1ECA118A288E1C5600397EFB /* TeacherDetailsViewModel.swift */; };
		1ECA118D288E1C7C00397EFB /* StudentDetailsViewModel.swift in Sources */ = {isa = PBXBuildFile; fileRef = 1ECA118C288E1C7C00397EFB /* StudentDetailsViewModel.swift */; };
		1EED1E532884B54C00133CF1 /* StudentsViewModel.swift in Sources */ = {isa = PBXBuildFile; fileRef = 1EED1E522884B54C00133CF1 /* StudentsViewModel.swift */; };
		1EED1E552884B57000133CF1 /* TeachersViewModel.swift in Sources */ = {isa = PBXBuildFile; fileRef = 1EED1E542884B57000133CF1 /* TeachersViewModel.swift */; };
		1EED1E582884B85A00133CF1 /* SchoolService.swift in Sources */ = {isa = PBXBuildFile; fileRef = 1EED1E572884B85A00133CF1 /* SchoolService.swift */; };
		1EED1E5B2884C2B400133CF1 /* DependenciesContainer.swift in Sources */ = {isa = PBXBuildFile; fileRef = 1EED1E5A2884C2B400133CF1 /* DependenciesContainer.swift */; };
/* End PBXBuildFile section */

/* Begin PBXFileReference section */
		1E0966CE2882B48A0090E944 /* SchoolBook.app */ = {isa = PBXFileReference; explicitFileType = wrapper.application; includeInIndex = 0; path = SchoolBook.app; sourceTree = BUILT_PRODUCTS_DIR; };
		1E0966D12882B48A0090E944 /* AppDelegate.swift */ = {isa = PBXFileReference; lastKnownFileType = sourcecode.swift; path = AppDelegate.swift; sourceTree = "<group>"; };
		1E0966D32882B48A0090E944 /* SceneDelegate.swift */ = {isa = PBXFileReference; lastKnownFileType = sourcecode.swift; path = SceneDelegate.swift; sourceTree = "<group>"; };
		1E0966D82882B48A0090E944 /* Base */ = {isa = PBXFileReference; lastKnownFileType = file.storyboard; name = Base; path = Base.lproj/Main.storyboard; sourceTree = "<group>"; };
		1E0966DA2882B48B0090E944 /* Assets.xcassets */ = {isa = PBXFileReference; lastKnownFileType = folder.assetcatalog; path = Assets.xcassets; sourceTree = "<group>"; };
		1E0966DD2882B48B0090E944 /* Base */ = {isa = PBXFileReference; lastKnownFileType = file.storyboard; name = Base; path = Base.lproj/LaunchScreen.storyboard; sourceTree = "<group>"; };
		1E0966DF2882B48B0090E944 /* Info.plist */ = {isa = PBXFileReference; lastKnownFileType = text.plist.xml; path = Info.plist; sourceTree = "<group>"; };
		1E0966EA2884614C0090E944 /* SchoolMembersViewController.swift */ = {isa = PBXFileReference; lastKnownFileType = sourcecode.swift; path = SchoolMembersViewController.swift; sourceTree = "<group>"; };
		1EA6B5382889EF28005CFC24 /* SchoolMemberViewCell.xib */ = {isa = PBXFileReference; fileEncoding = 4; lastKnownFileType = file.xib; path = SchoolMemberViewCell.xib; sourceTree = "<group>"; };
		1EA6B5392889EF28005CFC24 /* SchoolMemberViewCell.swift */ = {isa = PBXFileReference; fileEncoding = 4; lastKnownFileType = sourcecode.swift; path = SchoolMemberViewCell.swift; sourceTree = "<group>"; };
		1EA6B53C2889FDC6005CFC24 /* Environment.swift */ = {isa = PBXFileReference; lastKnownFileType = sourcecode.swift; path = Environment.swift; sourceTree = "<group>"; };
		1EA6B53E288A0617005CFC24 /* APIService.swift */ = {isa = PBXFileReference; lastKnownFileType = sourcecode.swift; path = APIService.swift; sourceTree = "<group>"; };
		1EA6B540288A0FF1005CFC24 /* Networking.swift */ = {isa = PBXFileReference; lastKnownFileType = sourcecode.swift; path = Networking.swift; sourceTree = "<group>"; };
		1EA6B542288A1E7E005CFC24 /* APIModels.swift */ = {isa = PBXFileReference; lastKnownFileType = sourcecode.swift; path = APIModels.swift; sourceTree = "<group>"; };
		1EA6B55F288B4EB7005CFC24 /* SchoolMemberDetailsViewController.swift */ = {isa = PBXFileReference; lastKnownFileType = sourcecode.swift; path = SchoolMemberDetailsViewController.swift; sourceTree = "<group>"; };
		1EA6B561288B4EE7005CFC24 /* SchoolMemberDetailsViewModel.swift */ = {isa = PBXFileReference; lastKnownFileType = sourcecode.swift; path = SchoolMemberDetailsViewModel.swift; sourceTree = "<group>"; };
		1ECA1183288C180000397EFB /* MainTabBarController.swift */ = {isa = PBXFileReference; lastKnownFileType = sourcecode.swift; path = MainTabBarController.swift; sourceTree = "<group>"; };
		1ECA1186288C29D900397EFB /* SchoolMembersViewModel.swift */ = {isa = PBXFileReference; lastKnownFileType = sourcecode.swift; path = SchoolMembersViewModel.swift; sourceTree = "<group>"; };
		1ECA1188288C94A800397EFB /* ImageLoader.swift */ = {isa = PBXFileReference; lastKnownFileType = sourcecode.swift; path = ImageLoader.swift; sourceTree = "<group>"; };
		1ECA118A288E1C5600397EFB /* TeacherDetailsViewModel.swift */ = {isa = PBXFileReference; lastKnownFileType = sourcecode.swift; path = TeacherDetailsViewModel.swift; sourceTree = "<group>"; };
		1ECA118C288E1C7C00397EFB /* StudentDetailsViewModel.swift */ = {isa = PBXFileReference; lastKnownFileType = sourcecode.swift; path = StudentDetailsViewModel.swift; sourceTree = "<group>"; };
		1EED1E522884B54C00133CF1 /* StudentsViewModel.swift */ = {isa = PBXFileReference; lastKnownFileType = sourcecode.swift; path = StudentsViewModel.swift; sourceTree = "<group>"; };
		1EED1E542884B57000133CF1 /* TeachersViewModel.swift */ = {isa = PBXFileReference; lastKnownFileType = sourcecode.swift; path = TeachersViewModel.swift; sourceTree = "<group>"; };
		1EED1E572884B85A00133CF1 /* SchoolService.swift */ = {isa = PBXFileReference; lastKnownFileType = sourcecode.swift; path = SchoolService.swift; sourceTree = "<group>"; };
		1EED1E5A2884C2B400133CF1 /* DependenciesContainer.swift */ = {isa = PBXFileReference; lastKnownFileType = sourcecode.swift; path = DependenciesContainer.swift; sourceTree = "<group>"; };
/* End PBXFileReference section */

/* Begin PBXFrameworksBuildPhase section */
		1E0966CB2882B48A0090E944 /* Frameworks */ = {
			isa = PBXFrameworksBuildPhase;
			buildActionMask = 2147483647;
			files = (
			);
			runOnlyForDeploymentPostprocessing = 0;
		};
/* End PBXFrameworksBuildPhase section */

/* Begin PBXGroup section */
		1E0966C52882B48A0090E944 = {
			isa = PBXGroup;
			children = (
				1E0966D02882B48A0090E944 /* SchoolBook */,
				1E0966CF2882B48A0090E944 /* Products */,
			);
			sourceTree = "<group>";
		};
		1E0966CF2882B48A0090E944 /* Products */ = {
			isa = PBXGroup;
			children = (
				1E0966CE2882B48A0090E944 /* SchoolBook.app */,
			);
			name = Products;
			sourceTree = "<group>";
		};
		1E0966D02882B48A0090E944 /* SchoolBook */ = {
			isa = PBXGroup;
			children = (
				1EED1E592884C29000133CF1 /* Tools */,
				1EED1E562884B82D00133CF1 /* Services */,
				1E0966E5288460F50090E944 /* UI */,
				1E0966D12882B48A0090E944 /* AppDelegate.swift */,
				1E0966D32882B48A0090E944 /* SceneDelegate.swift */,
				1E0966D72882B48A0090E944 /* Main.storyboard */,
				1E0966DA2882B48B0090E944 /* Assets.xcassets */,
				1E0966DC2882B48B0090E944 /* LaunchScreen.storyboard */,
				1E0966DF2882B48B0090E944 /* Info.plist */,
			);
			path = SchoolBook;
			sourceTree = "<group>";
		};
		1E0966E5288460F50090E944 /* UI */ = {
			isa = PBXGroup;
			children = (
				1E0966E6288460FD0090E944 /* SchoolMembers */,
				1EA6B55E288B4E69005CFC24 /* SchoolMemberDetails */,
				1ECA1185288C1AFF00397EFB /* Cells */,
				1ECA1183288C180000397EFB /* MainTabBarController.swift */,
			);
			path = UI;
			sourceTree = "<group>";
		};
		1E0966E6288460FD0090E944 /* SchoolMembers */ = {
			isa = PBXGroup;
			children = (
				1E0966EA2884614C0090E944 /* SchoolMembersViewController.swift */,
				1ECA1186288C29D900397EFB /* SchoolMembersViewModel.swift */,
				1EED1E542884B57000133CF1 /* TeachersViewModel.swift */,
				1EED1E522884B54C00133CF1 /* StudentsViewModel.swift */,
			);
			path = SchoolMembers;
			sourceTree = "<group>";
		};
		1EA6B5372889ED65005CFC24 /* SchoolMemberCell */ = {
			isa = PBXGroup;
			children = (
				1EA6B5392889EF28005CFC24 /* SchoolMemberViewCell.swift */,
				1EA6B5382889EF28005CFC24 /* SchoolMemberViewCell.xib */,
			);
			path = SchoolMemberCell;
			sourceTree = "<group>";
		};
		1EA6B55E288B4E69005CFC24 /* SchoolMemberDetails */ = {
			isa = PBXGroup;
			children = (
				1EA6B55F288B4EB7005CFC24 /* SchoolMemberDetailsViewController.swift */,
				1EA6B561288B4EE7005CFC24 /* SchoolMemberDetailsViewModel.swift */,
				1ECA118A288E1C5600397EFB /* TeacherDetailsViewModel.swift */,
				1ECA118C288E1C7C00397EFB /* StudentDetailsViewModel.swift */,
			);
			path = SchoolMemberDetails;
			sourceTree = "<group>";
		};
		1ECA1185288C1AFF00397EFB /* Cells */ = {
			isa = PBXGroup;
			children = (
				1EA6B5372889ED65005CFC24 /* SchoolMemberCell */,
			);
			path = Cells;
			sourceTree = "<group>";
		};
		1EED1E562884B82D00133CF1 /* Services */ = {
			isa = PBXGroup;
			children = (
				1EA6B53E288A0617005CFC24 /* APIService.swift */,
				1EA6B542288A1E7E005CFC24 /* APIModels.swift */,
				1EED1E572884B85A00133CF1 /* SchoolService.swift */,
			);
			path = Services;
			sourceTree = "<group>";
		};
		1EED1E592884C29000133CF1 /* Tools */ = {
			isa = PBXGroup;
			children = (
				1EED1E5A2884C2B400133CF1 /* DependenciesContainer.swift */,
				1EA6B53C2889FDC6005CFC24 /* Environment.swift */,
				1EA6B540288A0FF1005CFC24 /* Networking.swift */,
				1ECA1188288C94A800397EFB /* ImageLoader.swift */,
			);
			path = Tools;
			sourceTree = "<group>";
		};
/* End PBXGroup section */

/* Begin PBXNativeTarget section */
		1E0966CD2882B48A0090E944 /* SchoolBook */ = {
			isa = PBXNativeTarget;
			buildConfigurationList = 1E0966E22882B48B0090E944 /* Build configuration list for PBXNativeTarget "SchoolBook" */;
			buildPhases = (
				1E0966CA2882B48A0090E944 /* Sources */,
				1E0966CB2882B48A0090E944 /* Frameworks */,
				1E0966CC2882B48A0090E944 /* Resources */,
			);
			buildRules = (
			);
			dependencies = (
			);
			name = SchoolBook;
			productName = SchoolBook;
			productReference = 1E0966CE2882B48A0090E944 /* SchoolBook.app */;
			productType = "com.apple.product-type.application";
		};
/* End PBXNativeTarget section */

/* Begin PBXProject section */
		1E0966C62882B48A0090E944 /* Project object */ = {
			isa = PBXProject;
			attributes = {
				BuildIndependentTargetsInParallel = 1;
				LastSwiftUpdateCheck = 1340;
				LastUpgradeCheck = 1340;
				TargetAttributes = {
					1E0966CD2882B48A0090E944 = {
						CreatedOnToolsVersion = 13.4.1;
					};
				};
			};
			buildConfigurationList = 1E0966C92882B48A0090E944 /* Build configuration list for PBXProject "SchoolBook" */;
			compatibilityVersion = "Xcode 13.0";
			developmentRegion = en;
			hasScannedForEncodings = 0;
			knownRegions = (
				en,
				Base,
			);
			mainGroup = 1E0966C52882B48A0090E944;
			productRefGroup = 1E0966CF2882B48A0090E944 /* Products */;
			projectDirPath = "";
			projectRoot = "";
			targets = (
				1E0966CD2882B48A0090E944 /* SchoolBook */,
			);
		};
/* End PBXProject section */

/* Begin PBXResourcesBuildPhase section */
		1E0966CC2882B48A0090E944 /* Resources */ = {
			isa = PBXResourcesBuildPhase;
			buildActionMask = 2147483647;
			files = (
				1E0966DE2882B48B0090E944 /* LaunchScreen.storyboard in Resources */,
				1E0966DB2882B48B0090E944 /* Assets.xcassets in Resources */,
				1E0966D92882B48A0090E944 /* Main.storyboard in Resources */,
				1EA6B53A2889EF28005CFC24 /* SchoolMemberViewCell.xib in Resources */,
			);
			runOnlyForDeploymentPostprocessing = 0;
		};
/* End PBXResourcesBuildPhase section */

/* Begin PBXSourcesBuildPhase section */
		1E0966CA2882B48A0090E944 /* Sources */ = {
			isa = PBXSourcesBuildPhase;
			buildActionMask = 2147483647;
			files = (
				1EED1E5B2884C2B400133CF1 /* DependenciesContainer.swift in Sources */,
				1EED1E532884B54C00133CF1 /* StudentsViewModel.swift in Sources */,
				1EA6B53B2889EF28005CFC24 /* SchoolMemberViewCell.swift in Sources */,
				1EA6B543288A1E7E005CFC24 /* APIModels.swift in Sources */,
				1EA6B541288A0FF1005CFC24 /* Networking.swift in Sources */,
				1E0966EB2884614C0090E944 /* SchoolMembersViewController.swift in Sources */,
				1ECA1187288C29D900397EFB /* SchoolMembersViewModel.swift in Sources */,
				1EA6B562288B4EE7005CFC24 /* SchoolMemberDetailsViewModel.swift in Sources */,
				1ECA118B288E1C5600397EFB /* TeacherDetailsViewModel.swift in Sources */,
				1EA6B53F288A0617005CFC24 /* APIService.swift in Sources */,
				1EED1E582884B85A00133CF1 /* SchoolService.swift in Sources */,
				1ECA1184288C180000397EFB /* MainTabBarController.swift in Sources */,
				1ECA1189288C94A800397EFB /* ImageLoader.swift in Sources */,
				1E0966D22882B48A0090E944 /* AppDelegate.swift in Sources */,
				1E0966D42882B48A0090E944 /* SceneDelegate.swift in Sources */,
				1EA6B560288B4EB7005CFC24 /* SchoolMemberDetailsViewController.swift in Sources */,
				1EED1E552884B57000133CF1 /* TeachersViewModel.swift in Sources */,
				1EA6B53D2889FDC6005CFC24 /* Environment.swift in Sources */,
				1ECA118D288E1C7C00397EFB /* StudentDetailsViewModel.swift in Sources */,
			);
			runOnlyForDeploymentPostprocessing = 0;
		};
/* End PBXSourcesBuildPhase section */

/* Begin PBXVariantGroup section */
		1E0966D72882B48A0090E944 /* Main.storyboard */ = {
			isa = PBXVariantGroup;
			children = (
				1E0966D82882B48A0090E944 /* Base */,
			);
			name = Main.storyboard;
			sourceTree = "<group>";
		};
		1E0966DC2882B48B0090E944 /* LaunchScreen.storyboard */ = {
			isa = PBXVariantGroup;
			children = (
				1E0966DD2882B48B0090E944 /* Base */,
			);
			name = LaunchScreen.storyboard;
			sourceTree = "<group>";
		};
/* End PBXVariantGroup section */

/* Begin XCBuildConfiguration section */
		1E0966E02882B48B0090E944 /* Debug */ = {
			isa = XCBuildConfiguration;
			buildSettings = {
				ALWAYS_SEARCH_USER_PATHS = NO;
				CLANG_ANALYZER_NONNULL = YES;
				CLANG_ANALYZER_NUMBER_OBJECT_CONVERSION = YES_AGGRESSIVE;
				CLANG_CXX_LANGUAGE_STANDARD = "gnu++17";
				CLANG_ENABLE_MODULES = YES;
				CLANG_ENABLE_OBJC_ARC = YES;
				CLANG_ENABLE_OBJC_WEAK = YES;
				CLANG_WARN_BLOCK_CAPTURE_AUTORELEASING = YES;
				CLANG_WARN_BOOL_CONVERSION = YES;
				CLANG_WARN_COMMA = YES;
				CLANG_WARN_CONSTANT_CONVERSION = YES;
				CLANG_WARN_DEPRECATED_OBJC_IMPLEMENTATIONS = YES;
				CLANG_WARN_DIRECT_OBJC_ISA_USAGE = YES_ERROR;
				CLANG_WARN_DOCUMENTATION_COMMENTS = YES;
				CLANG_WARN_EMPTY_BODY = YES;
				CLANG_WARN_ENUM_CONVERSION = YES;
				CLANG_WARN_INFINITE_RECURSION = YES;
				CLANG_WARN_INT_CONVERSION = YES;
				CLANG_WARN_NON_LITERAL_NULL_CONVERSION = YES;
				CLANG_WARN_OBJC_IMPLICIT_RETAIN_SELF = YES;
				CLANG_WARN_OBJC_LITERAL_CONVERSION = YES;
				CLANG_WARN_OBJC_ROOT_CLASS = YES_ERROR;
				CLANG_WARN_QUOTED_INCLUDE_IN_FRAMEWORK_HEADER = YES;
				CLANG_WARN_RANGE_LOOP_ANALYSIS = YES;
				CLANG_WARN_STRICT_PROTOTYPES = YES;
				CLANG_WARN_SUSPICIOUS_MOVE = YES;
				CLANG_WARN_UNGUARDED_AVAILABILITY = YES_AGGRESSIVE;
				CLANG_WARN_UNREACHABLE_CODE = YES;
				CLANG_WARN__DUPLICATE_METHOD_MATCH = YES;
				COPY_PHASE_STRIP = NO;
				DEBUG_INFORMATION_FORMAT = dwarf;
				ENABLE_STRICT_OBJC_MSGSEND = YES;
				ENABLE_TESTABILITY = YES;
				GCC_C_LANGUAGE_STANDARD = gnu11;
				GCC_DYNAMIC_NO_PIC = NO;
				GCC_NO_COMMON_BLOCKS = YES;
				GCC_OPTIMIZATION_LEVEL = 0;
				GCC_PREPROCESSOR_DEFINITIONS = (
					"DEBUG=1",
					"$(inherited)",
				);
				GCC_WARN_64_TO_32_BIT_CONVERSION = YES;
				GCC_WARN_ABOUT_RETURN_TYPE = YES_ERROR;
				GCC_WARN_UNDECLARED_SELECTOR = YES;
				GCC_WARN_UNINITIALIZED_AUTOS = YES_AGGRESSIVE;
				GCC_WARN_UNUSED_FUNCTION = YES;
				GCC_WARN_UNUSED_VARIABLE = YES;
				IPHONEOS_DEPLOYMENT_TARGET = 15.5;
				MTL_ENABLE_DEBUG_INFO = INCLUDE_SOURCE;
				MTL_FAST_MATH = YES;
				ONLY_ACTIVE_ARCH = YES;
				SDKROOT = iphoneos;
				SWIFT_ACTIVE_COMPILATION_CONDITIONS = DEBUG;
				SWIFT_OPTIMIZATION_LEVEL = "-Onone";
			};
			name = Debug;
		};
		1E0966E12882B48B0090E944 /* Release */ = {
			isa = XCBuildConfiguration;
			buildSettings = {
				ALWAYS_SEARCH_USER_PATHS = NO;
				CLANG_ANALYZER_NONNULL = YES;
				CLANG_ANALYZER_NUMBER_OBJECT_CONVERSION = YES_AGGRESSIVE;
				CLANG_CXX_LANGUAGE_STANDARD = "gnu++17";
				CLANG_ENABLE_MODULES = YES;
				CLANG_ENABLE_OBJC_ARC = YES;
				CLANG_ENABLE_OBJC_WEAK = YES;
				CLANG_WARN_BLOCK_CAPTURE_AUTORELEASING = YES;
				CLANG_WARN_BOOL_CONVERSION = YES;
				CLANG_WARN_COMMA = YES;
				CLANG_WARN_CONSTANT_CONVERSION = YES;
				CLANG_WARN_DEPRECATED_OBJC_IMPLEMENTATIONS = YES;
				CLANG_WARN_DIRECT_OBJC_ISA_USAGE = YES_ERROR;
				CLANG_WARN_DOCUMENTATION_COMMENTS = YES;
				CLANG_WARN_EMPTY_BODY = YES;
				CLANG_WARN_ENUM_CONVERSION = YES;
				CLANG_WARN_INFINITE_RECURSION = YES;
				CLANG_WARN_INT_CONVERSION = YES;
				CLANG_WARN_NON_LITERAL_NULL_CONVERSION = YES;
				CLANG_WARN_OBJC_IMPLICIT_RETAIN_SELF = YES;
				CLANG_WARN_OBJC_LITERAL_CONVERSION = YES;
				CLANG_WARN_OBJC_ROOT_CLASS = YES_ERROR;
				CLANG_WARN_QUOTED_INCLUDE_IN_FRAMEWORK_HEADER = YES;
				CLANG_WARN_RANGE_LOOP_ANALYSIS = YES;
				CLANG_WARN_STRICT_PROTOTYPES = YES;
				CLANG_WARN_SUSPICIOUS_MOVE = YES;
				CLANG_WARN_UNGUARDED_AVAILABILITY = YES_AGGRESSIVE;
				CLANG_WARN_UNREACHABLE_CODE = YES;
				CLANG_WARN__DUPLICATE_METHOD_MATCH = YES;
				COPY_PHASE_STRIP = NO;
				DEBUG_INFORMATION_FORMAT = "dwarf-with-dsym";
				ENABLE_NS_ASSERTIONS = NO;
				ENABLE_STRICT_OBJC_MSGSEND = YES;
				GCC_C_LANGUAGE_STANDARD = gnu11;
				GCC_NO_COMMON_BLOCKS = YES;
				GCC_WARN_64_TO_32_BIT_CONVERSION = YES;
				GCC_WARN_ABOUT_RETURN_TYPE = YES_ERROR;
				GCC_WARN_UNDECLARED_SELECTOR = YES;
				GCC_WARN_UNINITIALIZED_AUTOS = YES_AGGRESSIVE;
				GCC_WARN_UNUSED_FUNCTION = YES;
				GCC_WARN_UNUSED_VARIABLE = YES;
				IPHONEOS_DEPLOYMENT_TARGET = 15.5;
				MTL_ENABLE_DEBUG_INFO = NO;
				MTL_FAST_MATH = YES;
				SDKROOT = iphoneos;
				SWIFT_COMPILATION_MODE = wholemodule;
				SWIFT_OPTIMIZATION_LEVEL = "-O";
				VALIDATE_PRODUCT = YES;
			};
			name = Release;
		};
		1E0966E32882B48B0090E944 /* Debug */ = {
			isa = XCBuildConfiguration;
			buildSettings = {
				ASSETCATALOG_COMPILER_APPICON_NAME = AppIcon;
				ASSETCATALOG_COMPILER_GLOBAL_ACCENT_COLOR_NAME = AccentColor;
				CODE_SIGN_STYLE = Automatic;
				CURRENT_PROJECT_VERSION = 1;
				DEVELOPMENT_TEAM = 68VR5CE66Z;
				GENERATE_INFOPLIST_FILE = YES;
				INFOPLIST_FILE = SchoolBook/Info.plist;
				INFOPLIST_KEY_UIApplicationSupportsIndirectInputEvents = YES;
				INFOPLIST_KEY_UILaunchStoryboardName = LaunchScreen;
				INFOPLIST_KEY_UIMainStoryboardFile = Main;
				INFOPLIST_KEY_UISupportedInterfaceOrientations_iPad = "UIInterfaceOrientationPortrait UIInterfaceOrientationPortraitUpsideDown UIInterfaceOrientationLandscapeLeft UIInterfaceOrientationLandscapeRight";
				INFOPLIST_KEY_UISupportedInterfaceOrientations_iPhone = "UIInterfaceOrientationPortrait UIInterfaceOrientationLandscapeLeft UIInterfaceOrientationLandscapeRight";
				LD_RUNPATH_SEARCH_PATHS = (
					"$(inherited)",
					"@executable_path/Frameworks",
				);
				MARKETING_VERSION = 1.0;
				PRODUCT_BUNDLE_IDENTIFIER = net.test.SchoolBook;
				PRODUCT_NAME = "$(TARGET_NAME)";
				SWIFT_EMIT_LOC_STRINGS = YES;
				SWIFT_VERSION = 5.0;
				TARGETED_DEVICE_FAMILY = 1;
			};
			name = Debug;
		};
		1E0966E42882B48B0090E944 /* Release */ = {
			isa = XCBuildConfiguration;
			buildSettings = {
				ASSETCATALOG_COMPILER_APPICON_NAME = AppIcon;
				ASSETCATALOG_COMPILER_GLOBAL_ACCENT_COLOR_NAME = AccentColor;
				CODE_SIGN_STYLE = Automatic;
				CURRENT_PROJECT_VERSION = 1;
				DEVELOPMENT_TEAM = 68VR5CE66Z;
				GENERATE_INFOPLIST_FILE = YES;
				INFOPLIST_FILE = SchoolBook/Info.plist;
				INFOPLIST_KEY_UIApplicationSupportsIndirectInputEvents = YES;
				INFOPLIST_KEY_UILaunchStoryboardName = LaunchScreen;
				INFOPLIST_KEY_UIMainStoryboardFile = Main;
				INFOPLIST_KEY_UISupportedInterfaceOrientations_iPad = "UIInterfaceOrientationPortrait UIInterfaceOrientationPortraitUpsideDown UIInterfaceOrientationLandscapeLeft UIInterfaceOrientationLandscapeRight";
				INFOPLIST_KEY_UISupportedInterfaceOrientations_iPhone = "UIInterfaceOrientationPortrait UIInterfaceOrientationLandscapeLeft UIInterfaceOrientationLandscapeRight";
				LD_RUNPATH_SEARCH_PATHS = (
					"$(inherited)",
					"@executable_path/Frameworks",
				);
				MARKETING_VERSION = 1.0;
				PRODUCT_BUNDLE_IDENTIFIER = net.test.SchoolBook;
				PRODUCT_NAME = "$(TARGET_NAME)";
				SWIFT_EMIT_LOC_STRINGS = YES;
				SWIFT_VERSION = 5.0;
				TARGETED_DEVICE_FAMILY = 1;
			};
			name = Release;
		};
/* End XCBuildConfiguration section */

/* Begin XCConfigurationList section */
		1E0966C92882B48A0090E944 /* Build configuration list for PBXProject "SchoolBook" */ = {
			isa = XCConfigurationList;
			buildConfigurations = (
				1E0966E02882B48B0090E944 /* Debug */,
				1E0966E12882B48B0090E944 /* Release */,
			);
			defaultConfigurationIsVisible = 0;
			defaultConfigurationName = Release;
		};
		1E0966E22882B48B0090E944 /* Build configuration list for PBXNativeTarget "SchoolBook" */ = {
			isa = XCConfigurationList;
			buildConfigurations = (
				1E0966E32882B48B0090E944 /* Debug */,
				1E0966E42882B48B0090E944 /* Release */,
			);
			defaultConfigurationIsVisible = 0;
			defaultConfigurationName = Release;
		};
/* End XCConfigurationList section */
	};
	rootObject = 1E0966C62882B48A0090E944 /* Project object */;
}
